{
    "_readme": [
        "This file locks the dependencies of your project to a known state",
        "Read more about it at https://getcomposer.org/doc/01-basic-usage.md#installing-dependencies",
        "This file is @generated automatically"
    ],
    "content-hash": "d3041b876f4c26b286be5abd4f8c2b64",
    "packages": [
        {
            "name": "millionmile/get_env",
            "version": "v1.0.0",
            "source": {
                "type": "git",
                "url": "https://gitee.com/millionmile/get_env.git",
                "reference": "5a1c3e1a8fd98d741668f0ce8fec310952de9c7c"
            },
            "require": {
                "php": ">=7.0"
            },
            "type": "library",
            "autoload": {
                "psr-4": {
                    "MillionMile\\GetEnv\\": "src/"
                }
            },
            "notification-url": "https://packagist.org/downloads/",
            "license": [
                "MIT"
            ],
            "authors": [
                {
                    "name": "萬里",
                    "email": "810185932@qq.com"
                }
            ],
            "time": "2020-10-15T08:29:26+00:00"
        },
        {
            "name": "noahbuscher/macaw",
            "version": "dev-master",
            "source": {
                "type": "git",
                "url": "https://github.com/noahbuscher/macaw.git",
                "reference": "ade32370a3d09f1fa498de254411d1b6b7be1877"
            },
            "dist": {
                "type": "zip",
                "url": "https://api.github.com/repos/noahbuscher/macaw/zipball/ade32370a3d09f1fa498de254411d1b6b7be1877",
                "reference": "ade32370a3d09f1fa498de254411d1b6b7be1877",
                "shasum": ""
            },
            "require": {
                "php": ">=5.3.3"
            },
            "require-dev": {
                "guzzle/guzzle": "~3.9",
                "phpunit/phpunit": "^4.8-stable"
            },
            "type": "library",
            "autoload": {
                "psr-4": {
                    "NoahBuscher\\Macaw\\": "./"
                }
            },
            "notification-url": "https://packagist.org/downloads/",
            "license": [
                "MIT"
            ],
            "authors": [
                {
                    "name": "Noah Buscher",
                    "email": "me@noahbuscher.com",
                    "homepage": "http://noahbuscher.com/"
                }
            ],
            "description": "Simple PHP router class.",
            "homepage": "https://github.com/noahbuscher/Macaw",
            "keywords": [
                "php",
                "php-router",
                "router"
            ],
            "support": {
                "issues": "https://github.com/noahbuscher/macaw/issues",
                "source": "https://github.com/noahbuscher/macaw/tree/master"
            },
            "time": "2019-01-14T14:49:59+00:00"
        },
        {
            "name": "psr/container",
            "version": "1.0.0",
            "source": {
                "type": "git",
                "url": "https://github.com/php-fig/container.git",
                "reference": "b7ce3b176482dbbc1245ebf52b181af44c2cf55f"
            },
            "dist": {
                "type": "zip",
                "url": "https://api.github.com/repos/php-fig/container/zipball/b7ce3b176482dbbc1245ebf52b181af44c2cf55f",
                "reference": "b7ce3b176482dbbc1245ebf52b181af44c2cf55f",
                "shasum": ""
            },
            "require": {
                "php": ">=5.3.0"
            },
            "type": "library",
            "extra": {
                "branch-alias": {
                    "dev-master": "1.0.x-dev"
                }
            },
            "autoload": {
                "psr-4": {
                    "Psr\\Container\\": "src/"
                }
            },
            "notification-url": "https://packagist.org/downloads/",
            "license": [
                "MIT"
            ],
            "authors": [
                {
                    "name": "PHP-FIG",
                    "homepage": "http://www.php-fig.org/"
                }
            ],
            "description": "Common Container Interface (PHP FIG PSR-11)",
            "homepage": "https://github.com/php-fig/container",
            "keywords": [
                "PSR-11",
                "container",
                "container-interface",
                "container-interop",
                "psr"
            ],
            "support": {
                "issues": "https://github.com/php-fig/container/issues",
                "source": "https://github.com/php-fig/container/tree/master"
            },
            "time": "2017-02-14T16:28:37+00:00"
        },
        {
            "name": "rephp/framework",
            "version": "1.1.5",
            "source": {
                "type": "git",
                "url": "https://github.com/rephp/framework.git",
                "reference": "a721da932a93be90b07c75b728214378242551fa"
            },
            "dist": {
                "type": "zip",
                "url": "https://api.github.com/repos/rephp/framework/zipball/a721da932a93be90b07c75b728214378242551fa",
                "reference": "a721da932a93be90b07c75b728214378242551fa",
                "shasum": ""
            },
            "require": {
                "millionmile/get_env": "^1.0",
                "psr/container": "^1.0"
            },
            "type": "library",
            "autoload": {
                "psr-4": {
                    "rephp\\framework\\": "./"
                },
                "files": [
                    "helper/common.php"
                ]
            },
            "notification-url": "https://packagist.org/downloads/",
            "license": [
                "proprietary"
            ],
            "authors": [
                {
                    "name": "sam.shi",
                    "email": "8464005@qq.com"
                }
            ],
            "description": "rephp is a easy php framework",
            "keywords": [
                "framework",
                "php framework",
                "rephp"
            ],
            "support": {
                "issues": "https://github.com/rephp/framework/issues",
                "source": "https://github.com/rephp/framework/tree/1.1.5"
            },
            "time": "2021-02-19T07:52:16+00:00"
        },
        {
            "name": "rephp/lib",
            "version": "1.0.1",
            "source": {
                "type": "git",
                "url": "https://github.com/rephp/lib.git",
                "reference": "8c3da77a8e70ff0b38addfb261662d8359d6701e"
            },
            "dist": {
                "type": "zip",
                "url": "https://api.github.com/repos/rephp/lib/zipball/8c3da77a8e70ff0b38addfb261662d8359d6701e",
                "reference": "8c3da77a8e70ff0b38addfb261662d8359d6701e",
                "shasum": ""
            },
            "type": "library",
            "autoload": {
                "psr-4": {
                    "rephp\\lib\\": "./"
                }
            },
            "notification-url": "https://packagist.org/downloads/",
            "license": [
                "proprietary"
            ],
            "authors": [
                {
                    "name": "sam.shi",
                    "email": "8464005@qq.com"
                }
            ],
            "description": "rephp is a easy php framework, and this is the common lib for rephp",
            "keywords": [
                "php framework",
                "php lib",
                "rephp"
            ],
            "support": {
                "issues": "https://github.com/rephp/lib/issues",
                "source": "https://github.com/rephp/lib/tree/1.0.1"
            },
            "time": "2021-02-08T02:26:42+00:00"
        }
    ],
    "packages-dev": [],
    "aliases": [],
    "minimum-stability": "dev",
    "stability-flags": {
        "noahbuscher/macaw": 20
    },
    "prefer-stable": true,
    "prefer-lowest": false,
    "platform": {
        "php": "^7.0|^8.0"
    },
    "platform-dev": [],
    "plugin-api-version": "2.0.0"
}
