{
    "_readme": [
        "This file locks the dependencies of your project to a known state",
        "Read more about it at https://getcomposer.org/doc/01-basic-usage.md#installing-dependencies",
        "This file is @generated automatically"
    ],
    "content-hash": "2e0ab4d3ea321c500ccd75aa5e2a64c7",
    "packages": [
        {
            "name": "catfan/medoo",
            "version": "v1.7.10",
            "source": {
                "type": "git",
                "url": "https://github.com/catfan/Medoo.git",
                "reference": "2d675f73e23f63bbaeb9a8aa33318659a3d3c32f"
            },
            "dist": {
                "type": "zip",
                "url": "https://api.github.com/repos/catfan/Medoo/zipball/2d675f73e23f63bbaeb9a8aa33318659a3d3c32f",
                "reference": "2d675f73e23f63bbaeb9a8aa33318659a3d3c32f",
                "shasum": ""
            },
            "require": {
                "ext-pdo": "*",
                "php": ">=5.4"
            },
            "suggest": {
                "ext-pdo_dblib": "For MSSQL or Sybase database on Linux/UNIX platform",
                "ext-pdo_mysql": "For MySQL or MariaDB database",
                "ext-pdo_oci": "For Oracle database",
                "ext-pdo_oci8": "For Oracle version 8 database",
                "ext-pdo_pqsql": "For PostgreSQL database",
                "ext-pdo_sqlite": "For SQLite database",
                "ext-pdo_sqlsrv": "For MSSQL database on both Window/Liunx platform"
            },
            "type": "framework",
            "autoload": {
                "psr-4": {
                    "Medoo\\": "/src"
                }
            },
            "notification-url": "https://packagist.org/downloads/",
            "license": [
                "MIT"
            ],
            "authors": [
                {
                    "name": "Angel Lai",
                    "email": "angel@catfan.me"
                }
            ],
            "description": "The lightweight PHP database framework to accelerate development",
            "homepage": "https://medoo.in",
            "keywords": [
                "database",
                "database library",
                "lightweight",
                "mariadb",
                "mssql",
                "mysql",
                "oracle",
                "php framework",
                "postgresql",
                "sql",
                "sqlite"
            ],
            "support": {
                "issues": "https://github.com/catfan/Medoo/issues",
                "source": "https://github.com/catfan/Medoo"
            },
            "time": "2020-02-11T08:20:42+00:00"
        },
        {
            "name": "filp/whoops",
            "version": "2.14.1",
            "source": {
                "type": "git",
                "url": "https://github.com/filp/whoops.git",
                "reference": "15ead64e9828f0fc90932114429c4f7923570cb1"
            },
            "dist": {
                "type": "zip",
                "url": "https://api.github.com/repos/filp/whoops/zipball/15ead64e9828f0fc90932114429c4f7923570cb1",
                "reference": "15ead64e9828f0fc90932114429c4f7923570cb1",
                "shasum": ""
            },
            "require": {
                "php": "^5.5.9 || ^7.0 || ^8.0",
                "psr/log": "^1.0.1"
            },
            "require-dev": {
                "mockery/mockery": "^0.9 || ^1.0",
                "phpunit/phpunit": "^4.8.36 || ^5.7.27 || ^6.5.14 || ^7.5.20 || ^8.5.8 || ^9.3.3",
                "symfony/var-dumper": "^2.6 || ^3.0 || ^4.0 || ^5.0"
            },
            "suggest": {
                "symfony/var-dumper": "Pretty print complex values better with var-dumper available",
                "whoops/soap": "Formats errors as SOAP responses"
            },
            "type": "library",
            "extra": {
                "branch-alias": {
                    "dev-master": "2.7-dev"
                }
            },
            "autoload": {
                "psr-4": {
                    "Whoops\\": "src/Whoops/"
                }
            },
            "notification-url": "https://packagist.org/downloads/",
            "license": [
                "MIT"
            ],
            "authors": [
                {
                    "name": "Filipe Dobreira",
                    "homepage": "https://github.com/filp",
                    "role": "Developer"
                }
            ],
            "description": "php error handling for cool kids",
            "homepage": "https://filp.github.io/whoops/",
            "keywords": [
                "error",
                "exception",
                "handling",
                "library",
                "throwable",
                "whoops"
            ],
            "support": {
                "issues": "https://github.com/filp/whoops/issues",
                "source": "https://github.com/filp/whoops/tree/2.14.1"
            },
            "funding": [
                {
                    "url": "https://github.com/denis-sokolov",
                    "type": "github"
                }
            ],
            "time": "2021-08-29T12:00:00+00:00"
        },
        {
            "name": "noahbuscher/macaw",
            "version": "dev-master",
            "source": {
                "type": "git",
                "url": "https://github.com/noahbuscher/macaw.git",
                "reference": "ade32370a3d09f1fa498de254411d1b6b7be1877"
            },
            "dist": {
                "type": "zip",
                "url": "https://api.github.com/repos/noahbuscher/macaw/zipball/ade32370a3d09f1fa498de254411d1b6b7be1877",
                "reference": "ade32370a3d09f1fa498de254411d1b6b7be1877",
                "shasum": ""
            },
            "require": {
                "php": ">=5.3.3"
            },
            "require-dev": {
                "guzzle/guzzle": "~3.9",
                "phpunit/phpunit": "^4.8-stable"
            },
            "type": "library",
            "autoload": {
                "psr-4": {
                    "NoahBuscher\\Macaw\\": "./"
                }
            },
            "notification-url": "https://packagist.org/downloads/",
            "license": [
                "MIT"
            ],
            "authors": [
                {
                    "name": "Noah Buscher",
                    "email": "me@noahbuscher.com",
                    "homepage": "http://noahbuscher.com/"
                }
            ],
            "description": "Simple PHP router class.",
            "homepage": "https://github.com/noahbuscher/Macaw",
            "keywords": [
                "php",
                "php-router",
                "router"
            ],
            "support": {
                "issues": "https://github.com/noahbuscher/macaw/issues",
                "source": "https://github.com/noahbuscher/macaw/tree/master"
            },
            "time": "2019-01-14T14:49:59+00:00"
        },
        {
            "name": "psr/container",
            "version": "1.1.1",
            "source": {
                "type": "git",
                "url": "https://github.com/php-fig/container.git",
                "reference": "8622567409010282b7aeebe4bb841fe98b58dcaf"
            },
            "dist": {
                "type": "zip",
                "url": "https://api.github.com/repos/php-fig/container/zipball/8622567409010282b7aeebe4bb841fe98b58dcaf",
                "reference": "8622567409010282b7aeebe4bb841fe98b58dcaf",
                "shasum": ""
            },
            "require": {
                "php": ">=7.2.0"
            },
            "type": "library",
            "autoload": {
                "psr-4": {
                    "Psr\\Container\\": "src/"
                }
            },
            "notification-url": "https://packagist.org/downloads/",
            "license": [
                "MIT"
            ],
            "authors": [
                {
                    "name": "PHP-FIG",
                    "homepage": "https://www.php-fig.org/"
                }
            ],
            "description": "Common Container Interface (PHP FIG PSR-11)",
            "homepage": "https://github.com/php-fig/container",
            "keywords": [
                "PSR-11",
                "container",
                "container-interface",
                "container-interop",
                "psr"
            ],
            "support": {
                "issues": "https://github.com/php-fig/container/issues",
                "source": "https://github.com/php-fig/container/tree/1.1.1"
            },
            "time": "2021-03-05T17:36:06+00:00"
        },
        {
            "name": "psr/log",
            "version": "1.1.4",
            "source": {
                "type": "git",
                "url": "https://github.com/php-fig/log.git",
                "reference": "d49695b909c3b7628b6289db5479a1c204601f11"
            },
            "dist": {
                "type": "zip",
                "url": "https://api.github.com/repos/php-fig/log/zipball/d49695b909c3b7628b6289db5479a1c204601f11",
                "reference": "d49695b909c3b7628b6289db5479a1c204601f11",
                "shasum": ""
            },
            "require": {
                "php": ">=5.3.0"
            },
            "type": "library",
            "extra": {
                "branch-alias": {
                    "dev-master": "1.1.x-dev"
                }
            },
            "autoload": {
                "psr-4": {
                    "Psr\\Log\\": "Psr/Log/"
                }
            },
            "notification-url": "https://packagist.org/downloads/",
            "license": [
                "MIT"
            ],
            "authors": [
                {
                    "name": "PHP-FIG",
                    "homepage": "https://www.php-fig.org/"
                }
            ],
            "description": "Common interface for logging libraries",
            "homepage": "https://github.com/php-fig/log",
            "keywords": [
                "log",
                "psr",
                "psr-3"
            ],
            "support": {
                "source": "https://github.com/php-fig/log/tree/1.1.4"
            },
            "time": "2021-05-03T11:20:27+00:00"
        },
        {
            "name": "rephp/framework",
            "version": "1.1.42",
            "source": {
                "type": "git",
                "url": "https://github.com/rephp/framework.git",
                "reference": "b218ba636925dc64517486ecde4817e80303265e"
            },
            "dist": {
                "type": "zip",
                "url": "https://api.github.com/repos/rephp/framework/zipball/b218ba636925dc64517486ecde4817e80303265e",
                "reference": "b218ba636925dc64517486ecde4817e80303265e",
                "shasum": ""
            },
            "require": {
                "catfan/medoo": "^1.7",
                "filp/whoops": "^2.9",
                "noahbuscher/macaw": "dev-master",
                "psr/container": "^1.0",
                "rephp/redb": "^1.0",
                "rephp/rephp-debugbar": "^1.0"
            },
            "require-dev": {
                "millionmile/get_env": "^1.0"
            },
            "type": "library",
            "autoload": {
                "psr-4": {
                    "rephp\\": "./"
                },
                "files": [
                    "helper/common.php"
                ]
            },
            "notification-url": "https://packagist.org/downloads/",
            "license": [
                "proprietary"
            ],
            "authors": [
                {
                    "name": "sam.shi",
                    "email": "8464005@qq.com"
                }
            ],
            "description": "rephp is a easy php framework",
            "keywords": [
                "framework",
                "php framework",
                "rephp"
            ],
            "support": {
                "issues": "https://github.com/rephp/framework/issues",
                "source": "https://github.com/rephp/framework/tree/1.1.42"
            },
            "time": "2021-09-13T09:10:55+00:00"
        },
        {
            "name": "rephp/lib",
            "version": "1.0.1",
            "source": {
                "type": "git",
                "url": "https://github.com/rephp/lib.git",
                "reference": "8c3da77a8e70ff0b38addfb261662d8359d6701e"
            },
            "dist": {
                "type": "zip",
                "url": "https://api.github.com/repos/rephp/lib/zipball/8c3da77a8e70ff0b38addfb261662d8359d6701e",
                "reference": "8c3da77a8e70ff0b38addfb261662d8359d6701e",
                "shasum": ""
            },
            "type": "library",
            "autoload": {
                "psr-4": {
                    "rephp\\lib\\": "./"
                }
            },
            "notification-url": "https://packagist.org/downloads/",
            "license": [
                "proprietary"
            ],
            "authors": [
                {
                    "name": "sam.shi",
                    "email": "8464005@qq.com"
                }
            ],
            "description": "rephp is a easy php framework, and this is the common lib for rephp",
            "keywords": [
                "php framework",
                "php lib",
                "rephp"
            ],
            "support": {
                "issues": "https://github.com/rephp/lib/issues",
                "source": "https://github.com/rephp/lib/tree/1.0.1"
            },
            "time": "2021-02-08T02:26:42+00:00"
        },
        {
            "name": "rephp/redb",
            "version": "1.0.3",
            "source": {
                "type": "git",
                "url": "https://github.com/rephp/redb.git",
                "reference": "f7ddc9fd6f43e47aeaa580fa6346eabc40936480"
            },
            "dist": {
                "type": "zip",
                "url": "https://api.github.com/repos/rephp/redb/zipball/f7ddc9fd6f43e47aeaa580fa6346eabc40936480",
                "reference": "f7ddc9fd6f43e47aeaa580fa6346eabc40936480",
                "shasum": ""
            },
            "require": {
                "php": ">=5.6.0"
            },
            "type": "library",
            "autoload": {
                "psr-4": {
                    "rephp\\redb\\": ".\\src\\"
                }
            },
            "notification-url": "https://packagist.org/downloads/",
            "license": [
                "Apache-2.0"
            ],
            "authors": [
                {
                    "name": "sam.shi",
                    "email": "32320811@qq.com"
                }
            ],
            "description": "redb是一款php的mysql数据库操作类库",
            "support": {
                "issues": "https://github.com/rephp/redb/issues",
                "source": "https://github.com/rephp/redb/tree/1.0.3"
            },
            "time": "2021-09-13T11:58:20+00:00"
        },
        {
            "name": "rephp/rephp-debugbar",
            "version": "1.1.5",
            "source": {
                "type": "git",
                "url": "https://github.com/rephp/rephp-debugbar.git",
                "reference": "d1e7f7b74f8155029758ab82c226beeae7726ccf"
            },
            "dist": {
                "type": "zip",
                "url": "https://api.github.com/repos/rephp/rephp-debugbar/zipball/d1e7f7b74f8155029758ab82c226beeae7726ccf",
                "reference": "d1e7f7b74f8155029758ab82c226beeae7726ccf",
                "shasum": ""
            },
            "require": {
                "php": ">=5.4.0"
            },
            "type": "library",
            "autoload": {
                "psr-4": {
                    "rephp\\debugbar\\": ".\\src\\"
                }
            },
            "notification-url": "https://packagist.org/downloads/",
            "license": [
                "Apache-2.0"
            ],
            "authors": [
                {
                    "name": "sam.shi",
                    "email": "32320811@qq.com"
                }
            ],
            "description": "rephp debugbar",
            "support": {
                "issues": "https://github.com/rephp/rephp-debugbar/issues",
                "source": "https://github.com/rephp/rephp-debugbar/tree/1.1.5"
            },
            "time": "2021-04-08T03:23:34+00:00"
        }
    ],
    "packages-dev": [],
    "aliases": [],
    "minimum-stability": "dev",
    "stability-flags": [],
    "prefer-stable": true,
    "prefer-lowest": false,
    "platform": {
        "php": ">=5.4.0"
    },
    "platform-dev": [],
    "plugin-api-version": "2.0.0"
}
